
Microsoft Visual Studio Solution File, Format Version 12.00
# Visual Studio Version 17
VisualStudioVersion = 17.14.36518.9 d17.14
MinimumVisualStudioVersion = 10.0.40219.1
Project("{2150E333-8FDC-42A3-9474-1A3956D46DE8}") = "Solution Items", "Solution Items", "{02EA681E-C7D8-13C7-8484-4AC65E1B71E8}"
	ProjectSection(SolutionItems) = preProject
		.editorconfig = .editorconfig
	EndProjectSection
EndProject
Project("{FAE04EC0-301F-11D3-BF4B-00C04F79EFBC}") = "SOP_API", "SOP_API\SOP_API.csproj", "{F822E14B-C011-4BC8-9485-0F943DAED856}"
EndProject
Project("{FAE04EC0-301F-11D3-BF4B-00C04F79EFBC}") = "SOP_ETOLibrary", "SOP_ETOLibrary\SOP_ETOLibrary.csproj", "{A22FD07C-D54B-4D9E-8092-47DEA859F3B7}"
EndProject
Project("{FAE04EC0-301F-11D3-BF4B-00C04F79EFBC}") = "SOP_Administration", "SOP_Administration\SOP_Administration.csproj", "{12A0DC33-1847-4FC8-A279-7B41441E015E}"
EndProject
Global
	GlobalSection(SolutionConfigurationPlatforms) = preSolution
		Debug|Any CPU = Debug|Any CPU
		Release|Any CPU = Release|Any CPU
	EndGlobalSection
	GlobalSection(ProjectConfigurationPlatforms) = postSolution
		{F822E14B-C011-4BC8-9485-0F943DAED856}.Debug|Any CPU.ActiveCfg = Debug|Any CPU
		{F822E14B-C011-4BC8-9485-0F943DAED856}.Debug|Any CPU.Build.0 = Debug|Any CPU
		{F822E14B-C011-4BC8-9485-0F943DAED856}.Release|Any CPU.ActiveCfg = Release|Any CPU
		{F822E14B-C011-4BC8-9485-0F943DAED856}.Release|Any CPU.Build.0 = Release|Any CPU
		{A22FD07C-D54B-4D9E-8092-47DEA859F3B7}.Debug|Any CPU.ActiveCfg = Debug|Any CPU
		{A22FD07C-D54B-4D9E-8092-47DEA859F3B7}.Debug|Any CPU.Build.0 = Debug|Any CPU
		{A22FD07C-D54B-4D9E-8092-47DEA859F3B7}.Release|Any CPU.ActiveCfg = Release|Any CPU
		{A22FD07C-D54B-4D9E-8092-47DEA859F3B7}.Release|Any CPU.Build.0 = Release|Any CPU
		{12A0DC33-1847-4FC8-A279-7B41441E015E}.Debug|Any CPU.ActiveCfg = Debug|Any CPU
		{12A0DC33-1847-4FC8-A279-7B41441E015E}.Debug|Any CPU.Build.0 = Debug|Any CPU
		{12A0DC33-1847-4FC8-A279-7B41441E015E}.Release|Any CPU.ActiveCfg = Release|Any CPU
		{12A0DC33-1847-4FC8-A279-7B41441E015E}.Release|Any CPU.Build.0 = Release|Any CPU
	EndGlobalSection
	GlobalSection(SolutionProperties) = preSolution
		HideSolutionNode = FALSE
	EndGlobalSection
	GlobalSection(ExtensibilityGlobals) = postSolution
		SolutionGuid = {9BD5D84E-A1C5-43F1-AA1F-D45AB935910F}
	EndGlobalSection
EndGlobal
