
Microsoft Visual Studio Solution File, Format Version 12.00
# Visual Studio Version 17
VisualStudioVersion = 17.14.36518.9 d17.14
MinimumVisualStudioVersion = 10.0.40219.1
Project("{FAE04EC0-301F-11D3-BF4B-00C04F79EFBC}") = "SOP", "SOP\SOP.csproj", "{8358BA31-0B99-4042-8304-20CB5DD48CAA}"
EndProject
Global
	GlobalSection(SolutionConfigurationPlatforms) = preSolution
		Debug|Any CPU = Debug|Any CPU
		Release|Any CPU = Release|Any CPU
	EndGlobalSection
	GlobalSection(ProjectConfigurationPlatforms) = postSolution
		{8358BA31-0B99-4042-8304-20CB5DD48CAA}.Debug|Any CPU.ActiveCfg = Debug|Any CPU
		{8358BA31-0B99-4042-8304-20CB5DD48CAA}.Debug|Any CPU.Build.0 = Debug|Any CPU
		{8358BA31-0B99-4042-8304-20CB5DD48CAA}.Release|Any CPU.ActiveCfg = Release|Any CPU
		{8358BA31-0B99-4042-8304-20CB5DD48CAA}.Release|Any CPU.Build.0 = Release|Any CPU
	EndGlobalSection
	GlobalSection(SolutionProperties) = preSolution
		HideSolutionNode = FALSE
	EndGlobalSection
	GlobalSection(ExtensibilityGlobals) = postSolution
		SolutionGuid = {9BD5D84E-A1C5-43F1-AA1F-D45AB935910F}
	EndGlobalSection
EndGlobal
